{
	"name": "@sap-cloud-sdk/test-services",
	"version": "1.24.1",
	"lockfileVersion": 1,
	"requires": true,
	"dependencies": {
		"@dabh/diagnostics": {
			"version": "2.0.2",
			"resolved": "https://registry.npmjs.org/@dabh/diagnostics/-/diagnostics-2.0.2.tgz",
			"integrity": "sha512-+A1YivoVDNNVCdfozHSR8v/jyuuLTMXwjWuxPFlFlUapXoGc+Gj9mDlTDDfrwl7rXCl2tNZ0kE8sIBO6YOn96Q==",
			"requires": {
				"colorspace": "1.1.x",
				"enabled": "2.0.x",
				"kuler": "^2.0.0"
			}
		},
		"@sap-cloud-sdk/analytics": {
			"version": "1.24.1",
			"resolved": "https://registry.npmjs.org/@sap-cloud-sdk/analytics/-/analytics-1.24.1.tgz",
			"integrity": "sha512-xDIgrY6IEypdqFzrLNYBaSwhfCsIdyXqeTnGv1Raq116WOo8r6aZmU5pcEv0hq9e1HJkqZi9AttBfS0cpQXAZA==",
			"requires": {
				"@sap-cloud-sdk/util": "^1.24.1",
				"axios": "^0.19.2"
			}
		},
		"@sap-cloud-sdk/core": {
			"version": "1.24.1",
			"resolved": "https://registry.npmjs.org/@sap-cloud-sdk/core/-/core-1.24.1.tgz",
			"integrity": "sha512-UY/rhQja6ysnnytaWsXiEyIH80LVM2zOlECsjIAppcEIv6xcIVrbQE5V8U9Gx1dzC9ZEWb/9JXuc3xuSbeUAHA==",
			"requires": {
				"@sap-cloud-sdk/analytics": "^1.24.1",
				"@sap-cloud-sdk/util": "^1.24.1",
				"@sap/xsenv": "^2.2.0",
				"axios": "^0.19.2",
				"bignumber.js": "^9.0.0",
				"http-proxy-agent": "^4.0.1",
				"https-proxy-agent": "^5.0.0",
				"jsonwebtoken": "^8.5.1",
				"moment": "~2.24.0",
				"opossum": "^5.0.0",
				"rambda": "^5.0.0",
				"url": "^0.11.0",
				"uuid": "^7.0.3",
				"voca": "^1.4.0"
			},
			"dependencies": {
				"bignumber.js": {
					"version": "9.0.0",
					"resolved": "https://registry.npmjs.org/bignumber.js/-/bignumber.js-9.0.0.tgz",
					"integrity": "sha512-t/OYhhJ2SD+YGBQcjY8GzzDHEk9f3nerxjtfa6tlMXfe7frs/WozhvCNoGvpM0P3bNf3Gq5ZRMlGr5f3r4/N8A=="
				},
				"moment": {
					"version": "2.24.0",
					"resolved": "https://registry.npmjs.org/moment/-/moment-2.24.0.tgz",
					"integrity": "sha512-bV7f+6l2QigeBBZSM/6yTNq4P2fNpSWj/0e7jQcy87A8e7o2nAfP/34/2ky5Vw4B9S446EtIhodAzkFCcR4dQg=="
				}
			}
		},
		"@sap-cloud-sdk/util": {
			"version": "1.24.1",
			"resolved": "https://registry.npmjs.org/@sap-cloud-sdk/util/-/util-1.24.1.tgz",
			"integrity": "sha512-zsJDj/Jnk+pSV9Bc7/r4zAyE7w0yAjb1PNFignVCfehz+nauMusA0CquNCNdyXY9FSskyDJltXSGFPzOcvQsLA==",
			"requires": {
				"async": "^3.2.0",
				"chalk": "^3.0.0",
				"rambda": "~5.8.0",
				"winston": "^3.3.3"
			},
			"dependencies": {
				"rambda": {
					"version": "5.8.0",
					"resolved": "https://registry.npmjs.org/rambda/-/rambda-5.8.0.tgz",
					"integrity": "sha512-gEzvDE/Syadcn+yVjEYKLZnvFiHcoUQWwfjVcEZ3ugwN22IGHGWQebISzr+E2ar7fW8ly7CtDZcgVUnmrvSPIw=="
				}
			}
		},
		"@sap/xsenv": {
			"version": "2.2.0",
			"resolved": "https://npm.sap.com/@sap/xsenv/-/xsenv-2.2.0.tgz",
			"integrity": "sha512-NtxbAZ2I957OWRVdlT16C3qan1TZ9Cfs9ephEDH03gPwbTm8nRtd1uZ8tqOMj/p1CVt0IAoUnkt985btYhhzkg==",
			"requires": {
				"debug": "3.1.0",
				"verror": "1.10.0"
			},
			"dependencies": {
				"assert-plus": {
					"version": "1.0.0",
					"resolved": "https://registry.npmjs.org/assert-plus/-/assert-plus-1.0.0.tgz",
					"integrity": "sha1-8S4PPF13sLHN2RRpQuTpbB5N1SU="
				},
				"core-util-is": {
					"version": "1.0.2",
					"resolved": "https://registry.npmjs.org/core-util-is/-/core-util-is-1.0.2.tgz",
					"integrity": "sha1-tf1UIgqivFq1eqtxQMlAdUUDwac="
				},
				"debug": {
					"version": "3.1.0",
					"resolved": "https://registry.npmjs.org/debug/-/debug-3.1.0.tgz",
					"integrity": "sha512-OX8XqP7/1a9cqkxYw2yXss15f26NKWBpDXQd0/uK/KPqdQhxbPa994hnzjcE2VqQpDslf55723cKPUOGSmMY3g==",
					"requires": {
						"ms": "2.0.0"
					}
				},
				"extsprintf": {
					"version": "1.4.0",
					"resolved": "https://registry.npmjs.org/extsprintf/-/extsprintf-1.4.0.tgz",
					"integrity": "sha1-4mifjzVvrWLMplo6kcXfX5VRaS8="
				},
				"ms": {
					"version": "2.0.0",
					"resolved": "https://registry.npmjs.org/ms/-/ms-2.0.0.tgz",
					"integrity": "sha1-VgiurfwAvmwpAd9fmGF4jeDVl8g="
				},
				"verror": {
					"version": "1.10.0",
					"resolved": "https://registry.npmjs.org/verror/-/verror-1.10.0.tgz",
					"integrity": "sha1-OhBcoXBTr1XW4nDB+CiGguGNpAA=",
					"requires": {
						"assert-plus": "^1.0.0",
						"core-util-is": "1.0.2",
						"extsprintf": "^1.2.0"
					}
				}
			}
		},
		"@tootallnate/once": {
			"version": "1.1.2",
			"resolved": "https://registry.npmjs.org/@tootallnate/once/-/once-1.1.2.tgz",
			"integrity": "sha512-RbzJvlNzmRq5c3O09UipeuXno4tA1FE6ikOjxZK0tuxVv3412l64l5t1W5pj4+rJq9vpkm/kwiR07aZXnsKPxw=="
		},
		"@types/color-name": {
			"version": "1.1.1",
			"resolved": "https://registry.npmjs.org/@types/color-name/-/color-name-1.1.1.tgz",
			"integrity": "sha512-rr+OQyAjxze7GgWrSaJwydHStIhHq2lvY3BOC2Mj7KnzI7XK0Uw1TOOdI9lDoajEbSWLiYgoo4f1R51erQfhPQ=="
		},
		"agent-base": {
			"version": "6.0.1",
			"resolved": "https://registry.npmjs.org/agent-base/-/agent-base-6.0.1.tgz",
			"integrity": "sha512-01q25QQDwLSsyfhrKbn8yuur+JNw0H+0Y4JiGIKd3z9aYk/w/2kxD/Upc+t2ZBBSUNff50VjPsSW2YxM8QYKVg==",
			"requires": {
				"debug": "4"
			},
			"dependencies": {
				"debug": {
					"version": "4.1.1",
					"resolved": "https://registry.npmjs.org/debug/-/debug-4.1.1.tgz",
					"integrity": "sha512-pYAIzeRo8J6KPEaJ0VWOh5Pzkbw/RetuzehGM7QRRX5he4fPHx2rdKMB256ehJCkX+XRQm16eZLqLNS8RSZXZw==",
					"requires": {
						"ms": "^2.1.1"
					}
				}
			}
		},
		"ansi-styles": {
			"version": "4.2.1",
			"resolved": "https://registry.npmjs.org/ansi-styles/-/ansi-styles-4.2.1.tgz",
			"integrity": "sha512-9VGjrMsG1vePxcSweQsN20KY/c4zN0h9fLjqAbwbPfahM3t+NL+M9HC8xeXG2I8pX5NoamTGNuomEUFI7fcUjA==",
			"requires": {
				"@types/color-name": "^1.1.1",
				"color-convert": "^2.0.1"
			}
		},
		"async": {
			"version": "3.2.0",
			"resolved": "https://registry.npmjs.org/async/-/async-3.2.0.tgz",
			"integrity": "sha512-TR2mEZFVOj2pLStYxLht7TyfuRzaydfpxr3k9RpHIzMgw7A64dzsdqCxH1WJyQdoe8T10nDXd9wnEigmiuHIZw=="
		},
		"axios": {
			"version": "0.19.2",
			"resolved": "https://registry.npmjs.org/axios/-/axios-0.19.2.tgz",
			"integrity": "sha512-fjgm5MvRHLhx+osE2xoekY70AhARk3a6hkN+3Io1jc00jtquGvxYlKlsFUhmUET0V5te6CcZI7lcv2Ym61mjHA==",
			"requires": {
				"follow-redirects": "1.5.10"
			}
		},
		"bignumber.js": {
			"version": "8.1.1",
			"resolved": "https://registry.npmjs.org/bignumber.js/-/bignumber.js-8.1.1.tgz",
			"integrity": "sha512-QD46ppGintwPGuL1KqmwhR0O+N2cZUg8JG/VzwI2e28sM9TqHjQB10lI4QAaMHVbLzwVLLAwEglpKPViWX+5NQ=="
		},
		"buffer-equal-constant-time": {
			"version": "1.0.1",
			"resolved": "https://registry.npmjs.org/buffer-equal-constant-time/-/buffer-equal-constant-time-1.0.1.tgz",
			"integrity": "sha1-+OcRMvf/5uAaXJaXpMbz5I1cyBk="
		},
		"chalk": {
			"version": "3.0.0",
			"resolved": "https://registry.npmjs.org/chalk/-/chalk-3.0.0.tgz",
			"integrity": "sha512-4D3B6Wf41KOYRFdszmDqMCGq5VV/uMAB273JILmO+3jAlh8X4qDtdtgCR3fxtbLEMzSx22QdhnDcJvu2u1fVwg==",
			"requires": {
				"ansi-styles": "^4.1.0",
				"supports-color": "^7.1.0"
			}
		},
		"color": {
			"version": "3.0.0",
			"resolved": "https://registry.npmjs.org/color/-/color-3.0.0.tgz",
			"integrity": "sha512-jCpd5+s0s0t7p3pHQKpnJ0TpQKKdleP71LWcA0aqiljpiuAkOSUFN/dyH8ZwF0hRmFlrIuRhufds1QyEP9EB+w==",
			"requires": {
				"color-convert": "^1.9.1",
				"color-string": "^1.5.2"
			},
			"dependencies": {
				"color-convert": {
					"version": "1.9.3",
					"resolved": "https://registry.npmjs.org/color-convert/-/color-convert-1.9.3.tgz",
					"integrity": "sha512-QfAUtd+vFdAtFQcC8CCyYt1fYWxSqAiK2cSD6zDB8N3cpsEBAvRxp9zOGg6G/SHHJYAT88/az/IuDGALsNVbGg==",
					"requires": {
						"color-name": "1.1.3"
					}
				},
				"color-name": {
					"version": "1.1.3",
					"resolved": "https://registry.npmjs.org/color-name/-/color-name-1.1.3.tgz",
					"integrity": "sha1-p9BVi9icQveV3UIyj3QIMcpTvCU="
				}
			}
		},
		"color-convert": {
			"version": "2.0.1",
			"resolved": "https://registry.npmjs.org/color-convert/-/color-convert-2.0.1.tgz",
			"integrity": "sha512-RRECPsj7iu/xb5oKYcsFHSppFNnsj/52OVTRKb4zP5onXwVF3zVmmToNcOfGC+CRDpfK/U584fMg38ZHCaElKQ==",
			"requires": {
				"color-name": "~1.1.4"
			}
		},
		"color-name": {
			"version": "1.1.4",
			"resolved": "https://registry.npmjs.org/color-name/-/color-name-1.1.4.tgz",
			"integrity": "sha512-dOy+3AuW3a2wNbZHIuMZpTcgjGuLU/uBL/ubcZF9OXbDo8ff4O8yVp5Bf0efS8uEoYo5q4Fx7dY9OgQGXgAsQA=="
		},
		"color-string": {
			"version": "1.5.3",
			"resolved": "https://registry.npmjs.org/color-string/-/color-string-1.5.3.tgz",
			"integrity": "sha512-dC2C5qeWoYkxki5UAXapdjqO672AM4vZuPGRQfO8b5HKuKGBbKWpITyDYN7TOFKvRW7kOgAn3746clDBMDJyQw==",
			"requires": {
				"color-name": "^1.0.0",
				"simple-swizzle": "^0.2.2"
			}
		},
		"colors": {
			"version": "1.4.0",
			"resolved": "https://registry.npmjs.org/colors/-/colors-1.4.0.tgz",
			"integrity": "sha512-a+UqTh4kgZg/SlGvfbzDHpgRu7AAQOmmqRHJnxhRZICKFUT91brVhNNt58CMWU9PsBbv3PDCZUHbVxuDiH2mtA=="
		},
		"colorspace": {
			"version": "1.1.2",
			"resolved": "https://registry.npmjs.org/colorspace/-/colorspace-1.1.2.tgz",
			"integrity": "sha512-vt+OoIP2d76xLhjwbBaucYlNSpPsrJWPlBTtwCpQKIu6/CSMutyzX93O/Do0qzpH3YoHEes8YEFXyZ797rEhzQ==",
			"requires": {
				"color": "3.0.x",
				"text-hex": "1.0.x"
			}
		},
		"core-util-is": {
			"version": "1.0.2",
			"resolved": "https://registry.npmjs.org/core-util-is/-/core-util-is-1.0.2.tgz",
			"integrity": "sha1-tf1UIgqivFq1eqtxQMlAdUUDwac="
		},
		"debug": {
			"version": "3.1.0",
			"resolved": "https://registry.npmjs.org/debug/-/debug-3.1.0.tgz",
			"integrity": "sha512-OX8XqP7/1a9cqkxYw2yXss15f26NKWBpDXQd0/uK/KPqdQhxbPa994hnzjcE2VqQpDslf55723cKPUOGSmMY3g==",
			"requires": {
				"ms": "2.0.0"
			},
			"dependencies": {
				"ms": {
					"version": "2.0.0",
					"resolved": "https://registry.npmjs.org/ms/-/ms-2.0.0.tgz",
					"integrity": "sha1-VgiurfwAvmwpAd9fmGF4jeDVl8g="
				}
			}
		},
		"ecdsa-sig-formatter": {
			"version": "1.0.11",
			"resolved": "https://registry.npmjs.org/ecdsa-sig-formatter/-/ecdsa-sig-formatter-1.0.11.tgz",
			"integrity": "sha512-nagl3RYrbNv6kQkeJIpt6NJZy8twLB/2vtz6yN9Z4vRKHN4/QZJIEbqohALSgwKdnksuY3k5Addp5lg8sVoVcQ==",
			"requires": {
				"safe-buffer": "^5.0.1"
			}
		},
		"enabled": {
			"version": "2.0.0",
			"resolved": "https://registry.npmjs.org/enabled/-/enabled-2.0.0.tgz",
			"integrity": "sha512-AKrN98kuwOzMIdAizXGI86UFBoo26CL21UM763y1h/GMSJ4/OHU9k2YlsmBpyScFo/wbLzWQJBMCW4+IO3/+OQ=="
		},
		"fast-safe-stringify": {
			"version": "2.0.7",
			"resolved": "https://registry.npmjs.org/fast-safe-stringify/-/fast-safe-stringify-2.0.7.tgz",
			"integrity": "sha512-Utm6CdzT+6xsDk2m8S6uL8VHxNwI6Jub+e9NYTcAms28T84pTa25GJQV9j0CY0N1rM8hK4x6grpF2BQf+2qwVA=="
		},
		"fecha": {
			"version": "4.2.0",
			"resolved": "https://registry.npmjs.org/fecha/-/fecha-4.2.0.tgz",
			"integrity": "sha512-aN3pcx/DSmtyoovUudctc8+6Hl4T+hI9GBBHLjA76jdZl7+b1sgh5g4k+u/GL3dTy1/pnYzKp69FpJ0OicE3Wg=="
		},
		"fn.name": {
			"version": "1.1.0",
			"resolved": "https://registry.npmjs.org/fn.name/-/fn.name-1.1.0.tgz",
			"integrity": "sha512-GRnmB5gPyJpAhTQdSZTSp9uaPSvl09KoYcMQtsB9rQoOmzs9dH6ffeccH+Z+cv6P68Hu5bC6JjRh4Ah/mHSNRw=="
		},
		"follow-redirects": {
			"version": "1.5.10",
			"resolved": "https://registry.npmjs.org/follow-redirects/-/follow-redirects-1.5.10.tgz",
			"integrity": "sha512-0V5l4Cizzvqt5D44aTXbFZz+FtyXV1vrDN6qrelxtfYQKW0KO0W2T/hkE8xvGa/540LkZlkaUjO4ailYTFtHVQ==",
			"requires": {
				"debug": "=3.1.0"
			}
		},
		"has-flag": {
			"version": "4.0.0",
			"resolved": "https://registry.npmjs.org/has-flag/-/has-flag-4.0.0.tgz",
			"integrity": "sha512-EykJT/Q1KjTWctppgIAgfSO0tKVuZUjhgMr17kqTumMl6Afv3EISleU7qZUzoXDFTAHTDC4NOoG/ZxU3EvlMPQ=="
		},
		"http-proxy-agent": {
			"version": "4.0.1",
			"resolved": "https://registry.npmjs.org/http-proxy-agent/-/http-proxy-agent-4.0.1.tgz",
			"integrity": "sha512-k0zdNgqWTGA6aeIRVpvfVob4fL52dTfaehylg0Y4UvSySvOq/Y+BOyPrgpUrA7HylqvU8vIZGsRuXmspskV0Tg==",
			"requires": {
				"@tootallnate/once": "1",
				"agent-base": "6",
				"debug": "4"
			},
			"dependencies": {
				"debug": {
					"version": "4.1.1",
					"resolved": "https://registry.npmjs.org/debug/-/debug-4.1.1.tgz",
					"integrity": "sha512-pYAIzeRo8J6KPEaJ0VWOh5Pzkbw/RetuzehGM7QRRX5he4fPHx2rdKMB256ehJCkX+XRQm16eZLqLNS8RSZXZw==",
					"requires": {
						"ms": "^2.1.1"
					}
				}
			}
		},
		"https-proxy-agent": {
			"version": "5.0.0",
			"resolved": "https://registry.npmjs.org/https-proxy-agent/-/https-proxy-agent-5.0.0.tgz",
			"integrity": "sha512-EkYm5BcKUGiduxzSt3Eppko+PiNWNEpa4ySk9vTC6wDsQJW9rHSa+UhGNJoRYp7bz6Ht1eaRIa6QaJqO5rCFbA==",
			"requires": {
				"agent-base": "6",
				"debug": "4"
			},
			"dependencies": {
				"debug": {
					"version": "4.1.1",
					"resolved": "https://registry.npmjs.org/debug/-/debug-4.1.1.tgz",
					"integrity": "sha512-pYAIzeRo8J6KPEaJ0VWOh5Pzkbw/RetuzehGM7QRRX5he4fPHx2rdKMB256ehJCkX+XRQm16eZLqLNS8RSZXZw==",
					"requires": {
						"ms": "^2.1.1"
					}
				}
			}
		},
		"inherits": {
			"version": "2.0.4",
			"resolved": "https://registry.npmjs.org/inherits/-/inherits-2.0.4.tgz",
			"integrity": "sha512-k/vGaX4/Yla3WzyMCvTQOXYeIHvqOKtnqBduzTHpzpQZzAskKMhZ2K+EnBiSM9zGSoIFeMpXKxa4dYeZIQqewQ=="
		},
		"is-arrayish": {
			"version": "0.3.2",
			"resolved": "https://registry.npmjs.org/is-arrayish/-/is-arrayish-0.3.2.tgz",
			"integrity": "sha512-eVRqCvVlZbuw3GrM63ovNSNAeA1K16kaR/LRY/92w0zxQ5/1YzwblUX652i4Xs9RwAGjW9d9y6X88t8OaAJfWQ=="
		},
		"is-stream": {
			"version": "2.0.0",
			"resolved": "https://registry.npmjs.org/is-stream/-/is-stream-2.0.0.tgz",
			"integrity": "sha512-XCoy+WlUr7d1+Z8GgSuXmpuUFC9fOhRXglJMx+dwLKTkL44Cjd4W1Z5P+BQZpr+cR93aGP4S/s7Ftw6Nd/kiEw=="
		},
		"isarray": {
			"version": "1.0.0",
			"resolved": "https://registry.npmjs.org/isarray/-/isarray-1.0.0.tgz",
			"integrity": "sha1-u5NdSFgsuhaMBoNJV6VKPgcSTxE="
		},
		"jsonwebtoken": {
			"version": "8.5.1",
			"resolved": "https://registry.npmjs.org/jsonwebtoken/-/jsonwebtoken-8.5.1.tgz",
			"integrity": "sha512-XjwVfRS6jTMsqYs0EsuJ4LGxXV14zQybNd4L2r0UvbVnSF9Af8x7p5MzbJ90Ioz/9TI41/hTCvznF/loiSzn8w==",
			"requires": {
				"jws": "^3.2.2",
				"lodash.includes": "^4.3.0",
				"lodash.isboolean": "^3.0.3",
				"lodash.isinteger": "^4.0.4",
				"lodash.isnumber": "^3.0.3",
				"lodash.isplainobject": "^4.0.6",
				"lodash.isstring": "^4.0.1",
				"lodash.once": "^4.0.0",
				"ms": "^2.1.1",
				"semver": "^5.6.0"
			}
		},
		"jwa": {
			"version": "1.4.1",
			"resolved": "https://registry.npmjs.org/jwa/-/jwa-1.4.1.tgz",
			"integrity": "sha512-qiLX/xhEEFKUAJ6FiBMbes3w9ATzyk5W7Hvzpa/SLYdxNtng+gcurvrI7TbACjIXlsJyr05/S1oUhZrc63evQA==",
			"requires": {
				"buffer-equal-constant-time": "1.0.1",
				"ecdsa-sig-formatter": "1.0.11",
				"safe-buffer": "^5.0.1"
			}
		},
		"jws": {
			"version": "3.2.2",
			"resolved": "https://registry.npmjs.org/jws/-/jws-3.2.2.tgz",
			"integrity": "sha512-YHlZCB6lMTllWDtSPHz/ZXTsi8S00usEV6v1tjq8tOUZzw7DpSDWVXjXDre6ed1w/pd495ODpHZYSdkRTsa0HA==",
			"requires": {
				"jwa": "^1.4.1",
				"safe-buffer": "^5.0.1"
			}
		},
		"kuler": {
			"version": "2.0.0",
			"resolved": "https://registry.npmjs.org/kuler/-/kuler-2.0.0.tgz",
			"integrity": "sha512-Xq9nH7KlWZmXAtodXDDRE7vs6DU1gTU8zYDHDiWLSip45Egwq3plLHzPn27NgvzL2r1LMPC1vdqh98sQxtqj4A=="
		},
		"lodash.includes": {
			"version": "4.3.0",
			"resolved": "https://registry.npmjs.org/lodash.includes/-/lodash.includes-4.3.0.tgz",
			"integrity": "sha1-YLuYqHy5I8aMoeUTJUgzFISfVT8="
		},
		"lodash.isboolean": {
			"version": "3.0.3",
			"resolved": "https://registry.npmjs.org/lodash.isboolean/-/lodash.isboolean-3.0.3.tgz",
			"integrity": "sha1-bC4XHbKiV82WgC/UOwGyDV9YcPY="
		},
		"lodash.isinteger": {
			"version": "4.0.4",
			"resolved": "https://registry.npmjs.org/lodash.isinteger/-/lodash.isinteger-4.0.4.tgz",
			"integrity": "sha1-YZwK89A/iwTDH1iChAt3sRzWg0M="
		},
		"lodash.isnumber": {
			"version": "3.0.3",
			"resolved": "https://registry.npmjs.org/lodash.isnumber/-/lodash.isnumber-3.0.3.tgz",
			"integrity": "sha1-POdoEMWSjQM1IwGsKHMX8RwLH/w="
		},
		"lodash.isplainobject": {
			"version": "4.0.6",
			"resolved": "https://registry.npmjs.org/lodash.isplainobject/-/lodash.isplainobject-4.0.6.tgz",
			"integrity": "sha1-fFJqUtibRcRcxpC4gWO+BJf1UMs="
		},
		"lodash.isstring": {
			"version": "4.0.1",
			"resolved": "https://registry.npmjs.org/lodash.isstring/-/lodash.isstring-4.0.1.tgz",
			"integrity": "sha1-1SfftUVuynzJu5XV2ur4i6VKVFE="
		},
		"lodash.once": {
			"version": "4.1.1",
			"resolved": "https://registry.npmjs.org/lodash.once/-/lodash.once-4.1.1.tgz",
			"integrity": "sha1-DdOXEhPHxW34gJd9UEyI+0cal6w="
		},
		"logform": {
			"version": "2.2.0",
			"resolved": "https://registry.npmjs.org/logform/-/logform-2.2.0.tgz",
			"integrity": "sha512-N0qPlqfypFx7UHNn4B3lzS/b0uLqt2hmuoa+PpuXNYgozdJYAyauF5Ky0BWVjrxDlMWiT3qN4zPq3vVAfZy7Yg==",
			"requires": {
				"colors": "^1.2.1",
				"fast-safe-stringify": "^2.0.4",
				"fecha": "^4.2.0",
				"ms": "^2.1.1",
				"triple-beam": "^1.3.0"
			}
		},
		"moment": {
			"version": "2.27.0",
			"resolved": "https://registry.npmjs.org/moment/-/moment-2.27.0.tgz",
			"integrity": "sha512-al0MUK7cpIcglMv3YF13qSgdAIqxHTO7brRtaz3DlSULbqfazqkc5kEjNrLDOM7fsjshoFIihnU8snrP7zUvhQ=="
		},
		"ms": {
			"version": "2.1.2",
			"resolved": "https://registry.npmjs.org/ms/-/ms-2.1.2.tgz",
			"integrity": "sha512-sGkPx+VjMtmA6MX27oA4FBFELFCZZ4S4XqeGOXCv68tT+jb3vk/RyaKWP0PTKyWtmLSM0b+adUTEvbs1PEaH2w=="
		},
		"one-time": {
			"version": "1.0.0",
			"resolved": "https://registry.npmjs.org/one-time/-/one-time-1.0.0.tgz",
			"integrity": "sha512-5DXOiRKwuSEcQ/l0kGCF6Q3jcADFv5tSmRaJck/OqkVFcOzutB134KRSfF0xDrL39MNnqxbHBbUUcjZIhTgb2g==",
			"requires": {
				"fn.name": "1.x.x"
			}
		},
		"opossum": {
			"version": "5.0.0",
			"resolved": "https://registry.npmjs.org/opossum/-/opossum-5.0.0.tgz",
			"integrity": "sha512-wW5h73TzpDZ3XsdbxQhF3RXXZxHZb5pVDCo3QCe6c2OOd8RupD4XUYXtNCRKoyebde2+MdX2PFR6dQwAmloRkA=="
		},
		"process-nextick-args": {
			"version": "2.0.1",
			"resolved": "https://registry.npmjs.org/process-nextick-args/-/process-nextick-args-2.0.1.tgz",
			"integrity": "sha512-3ouUOpQhtgrbOa17J7+uxOTpITYWaGP7/AhoR3+A+/1e9skrzelGi/dXzEYyvbxubEF6Wn2ypscTKiKJFFn1ag=="
		},
		"punycode": {
			"version": "1.3.2",
			"resolved": "https://registry.npmjs.org/punycode/-/punycode-1.3.2.tgz",
			"integrity": "sha1-llOgNvt8HuQjQvIyXM7v6jkmxI0="
		},
		"querystring": {
			"version": "0.2.0",
			"resolved": "https://registry.npmjs.org/querystring/-/querystring-0.2.0.tgz",
			"integrity": "sha1-sgmEkgO7Jd+CDadW50cAWHhSFiA="
		},
		"rambda": {
			"version": "5.9.0",
			"resolved": "https://registry.npmjs.org/rambda/-/rambda-5.9.0.tgz",
			"integrity": "sha512-51IivfuBRSokyKkRLrS2QtLCIRWfY+PQkQ4+vb2PXrdAPplBeWraw6BqYZGOuCzvKhvFhJxO+anRL6mUziUiJg=="
		},
		"readable-stream": {
			"version": "3.6.0",
			"resolved": "https://registry.npmjs.org/readable-stream/-/readable-stream-3.6.0.tgz",
			"integrity": "sha512-BViHy7LKeTz4oNnkcLJ+lVSL6vpiFeX6/d3oSH8zCW7UxP2onchk+vTGB143xuFjHS3deTgkKoXXymXqymiIdA==",
			"requires": {
				"inherits": "^2.0.3",
				"string_decoder": "^1.1.1",
				"util-deprecate": "^1.0.1"
			}
		},
		"safe-buffer": {
			"version": "5.2.1",
			"resolved": "https://registry.npmjs.org/safe-buffer/-/safe-buffer-5.2.1.tgz",
			"integrity": "sha512-rp3So07KcdmmKbGvgaNxQSJr7bGVSVk5S9Eq1F+ppbRo70+YeaDxkw5Dd8NPN+GD6bjnYm2VuPuCXmpuYvmCXQ=="
		},
		"semver": {
			"version": "5.7.1",
			"resolved": "https://registry.npmjs.org/semver/-/semver-5.7.1.tgz",
			"integrity": "sha512-sauaDf/PZdVgrLTNYHRtpXa1iRiKcaebiKQ1BJdpQlWH2lCvexQdX55snPFyK7QzpudqbCI0qXFfOasHdyNDGQ=="
		},
		"simple-swizzle": {
			"version": "0.2.2",
			"resolved": "https://registry.npmjs.org/simple-swizzle/-/simple-swizzle-0.2.2.tgz",
			"integrity": "sha1-pNprY1/8zMoz9w0Xy5JZLeleVXo=",
			"requires": {
				"is-arrayish": "^0.3.1"
			}
		},
		"stack-trace": {
			"version": "0.0.10",
			"resolved": "https://registry.npmjs.org/stack-trace/-/stack-trace-0.0.10.tgz",
			"integrity": "sha1-VHxws0fo0ytOEI6hoqFZ5f3eGcA="
		},
		"string_decoder": {
			"version": "1.3.0",
			"resolved": "https://registry.npmjs.org/string_decoder/-/string_decoder-1.3.0.tgz",
			"integrity": "sha512-hkRX8U1WjJFd8LsDJ2yQ/wWWxaopEsABU1XfkM8A+j0+85JAGppt16cr1Whg6KIbb4okU6Mql6BOj+uup/wKeA==",
			"requires": {
				"safe-buffer": "~5.2.0"
			}
		},
		"supports-color": {
			"version": "7.1.0",
			"resolved": "https://registry.npmjs.org/supports-color/-/supports-color-7.1.0.tgz",
			"integrity": "sha512-oRSIpR8pxT1Wr2FquTNnGet79b3BWljqOuoW/h4oBhxJ/HUbX5nX6JSruTkvXDCFMwDPvsaTTbvMLKZWSy0R5g==",
			"requires": {
				"has-flag": "^4.0.0"
			}
		},
		"text-hex": {
			"version": "1.0.0",
			"resolved": "https://registry.npmjs.org/text-hex/-/text-hex-1.0.0.tgz",
			"integrity": "sha512-uuVGNWzgJ4yhRaNSiubPY7OjISw4sw4E5Uv0wbjp+OzcbmVU/rsT8ujgcXJhn9ypzsgr5vlzpPqP+MBBKcGvbg=="
		},
		"triple-beam": {
			"version": "1.3.0",
			"resolved": "https://registry.npmjs.org/triple-beam/-/triple-beam-1.3.0.tgz",
			"integrity": "sha512-XrHUvV5HpdLmIj4uVMxHggLbFSZYIn7HEWsqePZcI50pco+MPqJ50wMGY794X7AOOhxOBAjbkqfAbEe/QMp2Lw=="
		},
		"url": {
			"version": "0.11.0",
			"resolved": "https://registry.npmjs.org/url/-/url-0.11.0.tgz",
			"integrity": "sha1-ODjpfPxgUh63PFJajlW/3Z4uKPE=",
			"requires": {
				"punycode": "1.3.2",
				"querystring": "0.2.0"
			}
		},
		"util-deprecate": {
			"version": "1.0.2",
			"resolved": "https://registry.npmjs.org/util-deprecate/-/util-deprecate-1.0.2.tgz",
			"integrity": "sha1-RQ1Nyfpw3nMnYvvS1KKJgUGaDM8="
		},
		"uuid": {
			"version": "7.0.3",
			"resolved": "https://registry.npmjs.org/uuid/-/uuid-7.0.3.tgz",
			"integrity": "sha512-DPSke0pXhTZgoF/d+WSt2QaKMCFSfx7QegxEWT+JOuHF5aWrKEn0G+ztjuJg/gG8/ItK+rbPCD/yNv8yyih6Cg=="
		},
		"voca": {
			"version": "1.4.0",
			"resolved": "https://registry.npmjs.org/voca/-/voca-1.4.0.tgz",
			"integrity": "sha512-8Xz4H3vhYRGbFupLtl6dHwMx0ojUcjt0HYkqZ9oBCfipd/5mD7Md58m2/dq7uPuZU/0T3Gb1m66KS9jn+I+14Q=="
		},
		"winston": {
			"version": "3.3.3",
			"resolved": "https://registry.npmjs.org/winston/-/winston-3.3.3.tgz",
			"integrity": "sha512-oEXTISQnC8VlSAKf1KYSSd7J6IWuRPQqDdo8eoRNaYKLvwSb5+79Z3Yi1lrl6KDpU6/VWaxpakDAtb1oQ4n9aw==",
			"requires": {
				"@dabh/diagnostics": "^2.0.2",
				"async": "^3.1.0",
				"is-stream": "^2.0.0",
				"logform": "^2.2.0",
				"one-time": "^1.0.0",
				"readable-stream": "^3.4.0",
				"stack-trace": "0.0.x",
				"triple-beam": "^1.3.0",
				"winston-transport": "^4.4.0"
			}
		},
		"winston-transport": {
			"version": "4.4.0",
			"resolved": "https://registry.npmjs.org/winston-transport/-/winston-transport-4.4.0.tgz",
			"integrity": "sha512-Lc7/p3GtqtqPBYYtS6KCN3c77/2QCev51DvcJKbkFPQNoj1sinkGwLGFDxkXY9J6p9+EPnYs+D90uwbnaiURTw==",
			"requires": {
				"readable-stream": "^2.3.7",
				"triple-beam": "^1.2.0"
			},
			"dependencies": {
				"readable-stream": {
					"version": "2.3.7",
					"resolved": "https://registry.npmjs.org/readable-stream/-/readable-stream-2.3.7.tgz",
					"integrity": "sha512-Ebho8K4jIbHAxnuxi7o42OrZgF/ZTNcsZj6nRKyUmkhLFq8CHItp/fy6hQZuZmP/n3yZ9VBUbp4zz/mX8hmYPw==",
					"requires": {
						"core-util-is": "~1.0.0",
						"inherits": "~2.0.3",
						"isarray": "~1.0.0",
						"process-nextick-args": "~2.0.0",
						"safe-buffer": "~5.1.1",
						"string_decoder": "~1.1.1",
						"util-deprecate": "~1.0.1"
					}
				},
				"safe-buffer": {
					"version": "5.1.2",
					"resolved": "https://registry.npmjs.org/safe-buffer/-/safe-buffer-5.1.2.tgz",
					"integrity": "sha512-Gd2UZBJDkXlY7GbJxfsE8/nvKkUEU1G38c1siN6QP6a9PT9MmHB8GnpscSmMJSoF8LOIrt8ud/wPtojys4G6+g=="
				},
				"string_decoder": {
					"version": "1.1.1",
					"resolved": "https://registry.npmjs.org/string_decoder/-/string_decoder-1.1.1.tgz",
					"integrity": "sha512-n/ShnvDi6FHbbVfviro+WojiFzv+s8MPMHBczVePfUpDJLwoLT0ht1l4YwBCbi8pJAveEEdnkHyPyTP/mzRfwg==",
					"requires": {
						"safe-buffer": "~5.1.0"
					}
				}
			}
		}
	}
}
